
Microsoft Visual Studio Solution File, Format Version 12.00
# Visual Studio 14
VisualStudioVersion = 14.0.25420.1
MinimumVisualStudioVersion = 10.0.40219.1
Project("{FAE04EC0-301F-11D3-BF4B-00C04F79EFBC}") = "TimeLIve.SmartMassEmail.Providers", "SmartMassEMail\Providers\TimeLIve.SmartMassEmail.Providers.csproj", "{46AFA70A-4882-4FC5-88EF-30AD0BADFC26}"
EndProject
Project("{FAE04EC0-301F-11D3-BF4B-00C04F79EFBC}") = "TimeLive.SmartMassEmail.Data", "SmartMassEMail\SmartMassEmail.Data\TimeLive.SmartMassEmail.Data.csproj", "{041C1BBE-0BFB-4D45-8125-9AB0BBC09A92}"
EndProject
Project("{FAE04EC0-301F-11D3-BF4B-00C04F79EFBC}") = "TimeLive.SmartMassEmail.Data.SqlClient", "SmartMassEMail\SmartMassEmail.Data.SqlClient\TimeLive.SmartMassEmail.Data.SqlClient.csproj", "{8996A7B4-57D3-440B-A545-A701844B8C4A}"
EndProject
Project("{FAE04EC0-301F-11D3-BF4B-00C04F79EFBC}") = "TimeLive.SmartMassEmail.Entities", "SmartMassEMail\SmartMassEmail.Entities\TimeLive.SmartMassEmail.Entities.csproj", "{20E43088-4618-4F4A-B8AD-FC31B50D94CD}"
EndProject
Project("{FAE04EC0-301F-11D3-BF4B-00C04F79EFBC}") = "TimeLive.SmartMassEmail.ImplementedProviders", "SmartMassEMail\SmartMassEmail.ImplementedProviders\TimeLive.SmartMassEmail.ImplementedProviders.csproj", "{6F945D02-5FFB-441F-A06D-9335EA1BE222}"
EndProject
Project("{FAE04EC0-301F-11D3-BF4B-00C04F79EFBC}") = "TimeLive.SmartMassEmail.EntLibHelper", "SmartMassEMail\EntLibHelper\TimeLive.SmartMassEmail.EntLibHelper.csproj", "{2855B49F-A9A7-4D54-ADF1-8F2C5B0455C5}"
EndProject
Project("{F184B08F-C81C-45F6-A57F-5ABD9991F28F}") = "TimeLive.UI.LiveTools", "LiveTools\TimeLive.UI.LiveTools.vbproj", "{39B6E276-B330-499E-B2BB-8CEC4EC1478E}"
EndProject
Project("{FAE04EC0-301F-11D3-BF4B-00C04F79EFBC}") = "TimeLive.FileHelpers.2005", "FileHelpers\TimeLive.FileHelpers.2005.csproj", "{EB8633FF-CEED-40EE-8D1A-CA1BF5678C42}"
EndProject
Project("{E24C65DC-7377-472B-9ABA-BC803B73C61A}") = "TimeLiveWeb", "TimeLiveWeb\", "{722785C3-1105-4661-94AB-4F34796EAFA6}"
	ProjectSection(WebsiteProperties) = preProject
		SccProjectName = ""
		SccAuxPath = ""
		SccLocalPath = ""
		SccProvider = ""
		TargetFrameworkMoniker = ".NETFramework,Version%3Dv4.0"
		ProjectReferences = "{39B6E276-B330-499E-B2BB-8CEC4EC1478E}|LiveTools.dll;{EB8633FF-CEED-40EE-8D1A-CA1BF5678C42}|FileHelpers.dll;"
		Debug.AspNetCompiler.VirtualPath = "/TimeLiveWeb"
		Debug.AspNetCompiler.PhysicalPath = "TimeLiveWeb\"
		Debug.AspNetCompiler.TargetPath = "PrecompiledWeb\TimeLiveWeb\"
		Debug.AspNetCompiler.Updateable = "true"
		Debug.AspNetCompiler.ForceOverwrite = "true"
		Debug.AspNetCompiler.FixedNames = "false"
		Debug.AspNetCompiler.Debug = "True"
		Release.AspNetCompiler.VirtualPath = "/TimeLiveWeb"
		Release.AspNetCompiler.PhysicalPath = "TimeLiveWeb\"
		Release.AspNetCompiler.TargetPath = "PrecompiledWeb\TimeLiveWeb\"
		Release.AspNetCompiler.Updateable = "true"
		Release.AspNetCompiler.ForceOverwrite = "true"
		Release.AspNetCompiler.FixedNames = "false"
		Release.AspNetCompiler.Debug = "False"
		VWDPort = "7066"
		VWDDynamicPort = "true"
	EndProjectSection
EndProject
Project("{2CFEAB61-6A3B-4EB8-B523-560B4BEEF521}") = "TimeLiveWebDeploymentProject", "TimeLiveWebDeploymentProject\TimeLiveWebDeploymentProject.wdproj", "{5E86F77D-97CA-4C6B-95C4-1B5F938FB1D4}"
EndProject
Project("{F184B08F-C81C-45F6-A57F-5ABD9991F28F}") = "TimeLive.Integration.Quickbooks", "TimeLive.Integration.Quickbooks\TimeLive.Integration.Quickbooks.vbproj", "{BCB9035A-7AE7-4326-96E1-0ADC9BAC8170}"
EndProject
Project("{FAE04EC0-301F-11D3-BF4B-00C04F79EFBC}") = "TimeLive.ProjectManagement", "TimeLive.ProjectManagement\TimeLive.ProjectManagement.csproj", "{51302E3D-EF24-4595-B3BF-A1EDDFDCA80D}"
EndProject
Project("{00D1A9C2-B5F0-4AF3-8072-F6C62B433612}") = "TimeLive.Database", "TimeLive.Database\TimeLive.Database.sqlproj", "{6E8E28F3-7175-4F56-8AC6-9F511444ECB1}"
EndProject
Global
	GlobalSection(SolutionConfigurationPlatforms) = preSolution
		Debug|.NET = Debug|.NET
		Debug|Any CPU = Debug|Any CPU
		Debug|Mixed Platforms = Debug|Mixed Platforms
		Debug|x86 = Debug|x86
		GenerateDebug|.NET = GenerateDebug|.NET
		GenerateDebug|Any CPU = GenerateDebug|Any CPU
		GenerateDebug|Mixed Platforms = GenerateDebug|Mixed Platforms
		GenerateDebug|x86 = GenerateDebug|x86
		Release|.NET = Release|.NET
		Release|Any CPU = Release|Any CPU
		Release|Mixed Platforms = Release|Mixed Platforms
		Release|x86 = Release|x86
		TimeLive2Setup|.NET = TimeLive2Setup|.NET
		TimeLive2Setup|Any CPU = TimeLive2Setup|Any CPU
		TimeLive2Setup|Mixed Platforms = TimeLive2Setup|Mixed Platforms
		TimeLive2Setup|x86 = TimeLive2Setup|x86
		TimeLive2SetupFull|.NET = TimeLive2SetupFull|.NET
		TimeLive2SetupFull|Any CPU = TimeLive2SetupFull|Any CPU
		TimeLive2SetupFull|Mixed Platforms = TimeLive2SetupFull|Mixed Platforms
		TimeLive2SetupFull|x86 = TimeLive2SetupFull|x86
		TimeLive2SetupSQLEXP|.NET = TimeLive2SetupSQLEXP|.NET
		TimeLive2SetupSQLEXP|Any CPU = TimeLive2SetupSQLEXP|Any CPU
		TimeLive2SetupSQLEXP|Mixed Platforms = TimeLive2SetupSQLEXP|Mixed Platforms
		TimeLive2SetupSQLEXP|x86 = TimeLive2SetupSQLEXP|x86
	EndGlobalSection
	GlobalSection(ProjectConfigurationPlatforms) = postSolution
		{46AFA70A-4882-4FC5-88EF-30AD0BADFC26}.Debug|.NET.ActiveCfg = Debug|Any CPU
		{46AFA70A-4882-4FC5-88EF-30AD0BADFC26}.Debug|Any CPU.ActiveCfg = Debug|Any CPU
		{46AFA70A-4882-4FC5-88EF-30AD0BADFC26}.Debug|Any CPU.Build.0 = Debug|Any CPU
		{46AFA70A-4882-4FC5-88EF-30AD0BADFC26}.Debug|Mixed Platforms.ActiveCfg = Debug|Any CPU
		{46AFA70A-4882-4FC5-88EF-30AD0BADFC26}.Debug|x86.ActiveCfg = Debug|Any CPU
		{46AFA70A-4882-4FC5-88EF-30AD0BADFC26}.GenerateDebug|.NET.ActiveCfg = Debug|Any CPU
		{46AFA70A-4882-4FC5-88EF-30AD0BADFC26}.GenerateDebug|Any CPU.ActiveCfg = Debug|Any CPU
		{46AFA70A-4882-4FC5-88EF-30AD0BADFC26}.GenerateDebug|Any CPU.Build.0 = Debug|Any CPU
		{46AFA70A-4882-4FC5-88EF-30AD0BADFC26}.GenerateDebug|Mixed Platforms.ActiveCfg = Debug|Any CPU
		{46AFA70A-4882-4FC5-88EF-30AD0BADFC26}.GenerateDebug|Mixed Platforms.Build.0 = Debug|Any CPU
		{46AFA70A-4882-4FC5-88EF-30AD0BADFC26}.GenerateDebug|x86.ActiveCfg = Debug|Any CPU
		{46AFA70A-4882-4FC5-88EF-30AD0BADFC26}.Release|.NET.ActiveCfg = Release|Any CPU
		{46AFA70A-4882-4FC5-88EF-30AD0BADFC26}.Release|Any CPU.ActiveCfg = Release|Any CPU
		{46AFA70A-4882-4FC5-88EF-30AD0BADFC26}.Release|Any CPU.Build.0 = Release|Any CPU
		{46AFA70A-4882-4FC5-88EF-30AD0BADFC26}.Release|Mixed Platforms.ActiveCfg = Release|Any CPU
		{46AFA70A-4882-4FC5-88EF-30AD0BADFC26}.Release|x86.ActiveCfg = Release|Any CPU
		{46AFA70A-4882-4FC5-88EF-30AD0BADFC26}.TimeLive2Setup|.NET.ActiveCfg = Release|Any CPU
		{46AFA70A-4882-4FC5-88EF-30AD0BADFC26}.TimeLive2Setup|Any CPU.ActiveCfg = Release|Any CPU
		{46AFA70A-4882-4FC5-88EF-30AD0BADFC26}.TimeLive2Setup|Any CPU.Build.0 = Release|Any CPU
		{46AFA70A-4882-4FC5-88EF-30AD0BADFC26}.TimeLive2Setup|Mixed Platforms.ActiveCfg = Release|Any CPU
		{46AFA70A-4882-4FC5-88EF-30AD0BADFC26}.TimeLive2Setup|x86.ActiveCfg = Release|Any CPU
		{46AFA70A-4882-4FC5-88EF-30AD0BADFC26}.TimeLive2SetupFull|.NET.ActiveCfg = Release|Any CPU
		{46AFA70A-4882-4FC5-88EF-30AD0BADFC26}.TimeLive2SetupFull|Any CPU.ActiveCfg = Release|Any CPU
		{46AFA70A-4882-4FC5-88EF-30AD0BADFC26}.TimeLive2SetupFull|Any CPU.Build.0 = Release|Any CPU
		{46AFA70A-4882-4FC5-88EF-30AD0BADFC26}.TimeLive2SetupFull|Mixed Platforms.ActiveCfg = Release|Any CPU
		{46AFA70A-4882-4FC5-88EF-30AD0BADFC26}.TimeLive2SetupFull|Mixed Platforms.Build.0 = Release|Any CPU
		{46AFA70A-4882-4FC5-88EF-30AD0BADFC26}.TimeLive2SetupFull|x86.ActiveCfg = Release|Any CPU
		{46AFA70A-4882-4FC5-88EF-30AD0BADFC26}.TimeLive2SetupSQLEXP|.NET.ActiveCfg = Release|Any CPU
		{46AFA70A-4882-4FC5-88EF-30AD0BADFC26}.TimeLive2SetupSQLEXP|Any CPU.ActiveCfg = Release|Any CPU
		{46AFA70A-4882-4FC5-88EF-30AD0BADFC26}.TimeLive2SetupSQLEXP|Any CPU.Build.0 = Release|Any CPU
		{46AFA70A-4882-4FC5-88EF-30AD0BADFC26}.TimeLive2SetupSQLEXP|Mixed Platforms.ActiveCfg = Release|Any CPU
		{46AFA70A-4882-4FC5-88EF-30AD0BADFC26}.TimeLive2SetupSQLEXP|Mixed Platforms.Build.0 = Release|Any CPU
		{46AFA70A-4882-4FC5-88EF-30AD0BADFC26}.TimeLive2SetupSQLEXP|x86.ActiveCfg = Release|Any CPU
		{041C1BBE-0BFB-4D45-8125-9AB0BBC09A92}.Debug|.NET.ActiveCfg = Debug|Any CPU
		{041C1BBE-0BFB-4D45-8125-9AB0BBC09A92}.Debug|Any CPU.ActiveCfg = Debug|Any CPU
		{041C1BBE-0BFB-4D45-8125-9AB0BBC09A92}.Debug|Any CPU.Build.0 = Debug|Any CPU
		{041C1BBE-0BFB-4D45-8125-9AB0BBC09A92}.Debug|Mixed Platforms.ActiveCfg = Debug|Any CPU
		{041C1BBE-0BFB-4D45-8125-9AB0BBC09A92}.Debug|x86.ActiveCfg = Debug|Any CPU
		{041C1BBE-0BFB-4D45-8125-9AB0BBC09A92}.GenerateDebug|.NET.ActiveCfg = GenerateDebug|Any CPU
		{041C1BBE-0BFB-4D45-8125-9AB0BBC09A92}.GenerateDebug|Any CPU.ActiveCfg = GenerateDebug|Any CPU
		{041C1BBE-0BFB-4D45-8125-9AB0BBC09A92}.GenerateDebug|Any CPU.Build.0 = GenerateDebug|Any CPU
		{041C1BBE-0BFB-4D45-8125-9AB0BBC09A92}.GenerateDebug|Mixed Platforms.ActiveCfg = GenerateDebug|Any CPU
		{041C1BBE-0BFB-4D45-8125-9AB0BBC09A92}.GenerateDebug|Mixed Platforms.Build.0 = GenerateDebug|Any CPU
		{041C1BBE-0BFB-4D45-8125-9AB0BBC09A92}.GenerateDebug|x86.ActiveCfg = GenerateDebug|Any CPU
		{041C1BBE-0BFB-4D45-8125-9AB0BBC09A92}.Release|.NET.ActiveCfg = Release|Any CPU
		{041C1BBE-0BFB-4D45-8125-9AB0BBC09A92}.Release|Any CPU.ActiveCfg = Release|Any CPU
		{041C1BBE-0BFB-4D45-8125-9AB0BBC09A92}.Release|Any CPU.Build.0 = Release|Any CPU
		{041C1BBE-0BFB-4D45-8125-9AB0BBC09A92}.Release|Mixed Platforms.ActiveCfg = Release|Any CPU
		{041C1BBE-0BFB-4D45-8125-9AB0BBC09A92}.Release|x86.ActiveCfg = Release|Any CPU
		{041C1BBE-0BFB-4D45-8125-9AB0BBC09A92}.TimeLive2Setup|.NET.ActiveCfg = GenerateDebug|Any CPU
		{041C1BBE-0BFB-4D45-8125-9AB0BBC09A92}.TimeLive2Setup|Any CPU.ActiveCfg = GenerateDebug|Any CPU
		{041C1BBE-0BFB-4D45-8125-9AB0BBC09A92}.TimeLive2Setup|Any CPU.Build.0 = GenerateDebug|Any CPU
		{041C1BBE-0BFB-4D45-8125-9AB0BBC09A92}.TimeLive2Setup|Mixed Platforms.ActiveCfg = Release|Any CPU
		{041C1BBE-0BFB-4D45-8125-9AB0BBC09A92}.TimeLive2Setup|x86.ActiveCfg = GenerateDebug|Any CPU
		{041C1BBE-0BFB-4D45-8125-9AB0BBC09A92}.TimeLive2SetupFull|.NET.ActiveCfg = GenerateDebug|Any CPU
		{041C1BBE-0BFB-4D45-8125-9AB0BBC09A92}.TimeLive2SetupFull|Any CPU.ActiveCfg = GenerateDebug|Any CPU
		{041C1BBE-0BFB-4D45-8125-9AB0BBC09A92}.TimeLive2SetupFull|Any CPU.Build.0 = GenerateDebug|Any CPU
		{041C1BBE-0BFB-4D45-8125-9AB0BBC09A92}.TimeLive2SetupFull|Mixed Platforms.ActiveCfg = GenerateDebug|Any CPU
		{041C1BBE-0BFB-4D45-8125-9AB0BBC09A92}.TimeLive2SetupFull|Mixed Platforms.Build.0 = GenerateDebug|Any CPU
		{041C1BBE-0BFB-4D45-8125-9AB0BBC09A92}.TimeLive2SetupFull|x86.ActiveCfg = GenerateDebug|Any CPU
		{041C1BBE-0BFB-4D45-8125-9AB0BBC09A92}.TimeLive2SetupSQLEXP|.NET.ActiveCfg = GenerateDebug|Any CPU
		{041C1BBE-0BFB-4D45-8125-9AB0BBC09A92}.TimeLive2SetupSQLEXP|Any CPU.ActiveCfg = GenerateDebug|Any CPU
		{041C1BBE-0BFB-4D45-8125-9AB0BBC09A92}.TimeLive2SetupSQLEXP|Any CPU.Build.0 = GenerateDebug|Any CPU
		{041C1BBE-0BFB-4D45-8125-9AB0BBC09A92}.TimeLive2SetupSQLEXP|Mixed Platforms.ActiveCfg = GenerateDebug|Any CPU
		{041C1BBE-0BFB-4D45-8125-9AB0BBC09A92}.TimeLive2SetupSQLEXP|Mixed Platforms.Build.0 = GenerateDebug|Any CPU
		{041C1BBE-0BFB-4D45-8125-9AB0BBC09A92}.TimeLive2SetupSQLEXP|x86.ActiveCfg = GenerateDebug|Any CPU
		{8996A7B4-57D3-440B-A545-A701844B8C4A}.Debug|.NET.ActiveCfg = Debug|Any CPU
		{8996A7B4-57D3-440B-A545-A701844B8C4A}.Debug|Any CPU.ActiveCfg = Debug|Any CPU
		{8996A7B4-57D3-440B-A545-A701844B8C4A}.Debug|Any CPU.Build.0 = Debug|Any CPU
		{8996A7B4-57D3-440B-A545-A701844B8C4A}.Debug|Mixed Platforms.ActiveCfg = Debug|Any CPU
		{8996A7B4-57D3-440B-A545-A701844B8C4A}.Debug|x86.ActiveCfg = Debug|Any CPU
		{8996A7B4-57D3-440B-A545-A701844B8C4A}.GenerateDebug|.NET.ActiveCfg = GenerateDebug|Any CPU
		{8996A7B4-57D3-440B-A545-A701844B8C4A}.GenerateDebug|Any CPU.ActiveCfg = GenerateDebug|Any CPU
		{8996A7B4-57D3-440B-A545-A701844B8C4A}.GenerateDebug|Any CPU.Build.0 = GenerateDebug|Any CPU
		{8996A7B4-57D3-440B-A545-A701844B8C4A}.GenerateDebug|Mixed Platforms.ActiveCfg = GenerateDebug|Any CPU
		{8996A7B4-57D3-440B-A545-A701844B8C4A}.GenerateDebug|Mixed Platforms.Build.0 = GenerateDebug|Any CPU
		{8996A7B4-57D3-440B-A545-A701844B8C4A}.GenerateDebug|x86.ActiveCfg = GenerateDebug|Any CPU
		{8996A7B4-57D3-440B-A545-A701844B8C4A}.Release|.NET.ActiveCfg = Release|Any CPU
		{8996A7B4-57D3-440B-A545-A701844B8C4A}.Release|Any CPU.ActiveCfg = Release|Any CPU
		{8996A7B4-57D3-440B-A545-A701844B8C4A}.Release|Any CPU.Build.0 = Release|Any CPU
		{8996A7B4-57D3-440B-A545-A701844B8C4A}.Release|Mixed Platforms.ActiveCfg = Release|Any CPU
		{8996A7B4-57D3-440B-A545-A701844B8C4A}.Release|x86.ActiveCfg = Release|Any CPU
		{8996A7B4-57D3-440B-A545-A701844B8C4A}.TimeLive2Setup|.NET.ActiveCfg = GenerateDebug|Any CPU
		{8996A7B4-57D3-440B-A545-A701844B8C4A}.TimeLive2Setup|Any CPU.ActiveCfg = GenerateDebug|Any CPU
		{8996A7B4-57D3-440B-A545-A701844B8C4A}.TimeLive2Setup|Any CPU.Build.0 = GenerateDebug|Any CPU
		{8996A7B4-57D3-440B-A545-A701844B8C4A}.TimeLive2Setup|Mixed Platforms.ActiveCfg = Release|Any CPU
		{8996A7B4-57D3-440B-A545-A701844B8C4A}.TimeLive2Setup|x86.ActiveCfg = GenerateDebug|Any CPU
		{8996A7B4-57D3-440B-A545-A701844B8C4A}.TimeLive2SetupFull|.NET.ActiveCfg = GenerateDebug|Any CPU
		{8996A7B4-57D3-440B-A545-A701844B8C4A}.TimeLive2SetupFull|Any CPU.ActiveCfg = GenerateDebug|Any CPU
		{8996A7B4-57D3-440B-A545-A701844B8C4A}.TimeLive2SetupFull|Any CPU.Build.0 = GenerateDebug|Any CPU
		{8996A7B4-57D3-440B-A545-A701844B8C4A}.TimeLive2SetupFull|Mixed Platforms.ActiveCfg = GenerateDebug|Any CPU
		{8996A7B4-57D3-440B-A545-A701844B8C4A}.TimeLive2SetupFull|Mixed Platforms.Build.0 = GenerateDebug|Any CPU
		{8996A7B4-57D3-440B-A545-A701844B8C4A}.TimeLive2SetupFull|x86.ActiveCfg = GenerateDebug|Any CPU
		{8996A7B4-57D3-440B-A545-A701844B8C4A}.TimeLive2SetupSQLEXP|.NET.ActiveCfg = GenerateDebug|Any CPU
		{8996A7B4-57D3-440B-A545-A701844B8C4A}.TimeLive2SetupSQLEXP|Any CPU.ActiveCfg = GenerateDebug|Any CPU
		{8996A7B4-57D3-440B-A545-A701844B8C4A}.TimeLive2SetupSQLEXP|Any CPU.Build.0 = GenerateDebug|Any CPU
		{8996A7B4-57D3-440B-A545-A701844B8C4A}.TimeLive2SetupSQLEXP|Mixed Platforms.ActiveCfg = GenerateDebug|Any CPU
		{8996A7B4-57D3-440B-A545-A701844B8C4A}.TimeLive2SetupSQLEXP|Mixed Platforms.Build.0 = GenerateDebug|Any CPU
		{8996A7B4-57D3-440B-A545-A701844B8C4A}.TimeLive2SetupSQLEXP|x86.ActiveCfg = GenerateDebug|Any CPU
		{20E43088-4618-4F4A-B8AD-FC31B50D94CD}.Debug|.NET.ActiveCfg = Debug|Any CPU
		{20E43088-4618-4F4A-B8AD-FC31B50D94CD}.Debug|Any CPU.ActiveCfg = Debug|Any CPU
		{20E43088-4618-4F4A-B8AD-FC31B50D94CD}.Debug|Any CPU.Build.0 = Debug|Any CPU
		{20E43088-4618-4F4A-B8AD-FC31B50D94CD}.Debug|Mixed Platforms.ActiveCfg = Debug|Any CPU
		{20E43088-4618-4F4A-B8AD-FC31B50D94CD}.Debug|x86.ActiveCfg = Debug|Any CPU
		{20E43088-4618-4F4A-B8AD-FC31B50D94CD}.GenerateDebug|.NET.ActiveCfg = GenerateDebug|Any CPU
		{20E43088-4618-4F4A-B8AD-FC31B50D94CD}.GenerateDebug|Any CPU.ActiveCfg = GenerateDebug|Any CPU
		{20E43088-4618-4F4A-B8AD-FC31B50D94CD}.GenerateDebug|Any CPU.Build.0 = GenerateDebug|Any CPU
		{20E43088-4618-4F4A-B8AD-FC31B50D94CD}.GenerateDebug|Mixed Platforms.ActiveCfg = GenerateDebug|Any CPU
		{20E43088-4618-4F4A-B8AD-FC31B50D94CD}.GenerateDebug|Mixed Platforms.Build.0 = GenerateDebug|Any CPU
		{20E43088-4618-4F4A-B8AD-FC31B50D94CD}.GenerateDebug|x86.ActiveCfg = GenerateDebug|Any CPU
		{20E43088-4618-4F4A-B8AD-FC31B50D94CD}.Release|.NET.ActiveCfg = Release|Any CPU
		{20E43088-4618-4F4A-B8AD-FC31B50D94CD}.Release|Any CPU.ActiveCfg = Release|Any CPU
		{20E43088-4618-4F4A-B8AD-FC31B50D94CD}.Release|Any CPU.Build.0 = Release|Any CPU
		{20E43088-4618-4F4A-B8AD-FC31B50D94CD}.Release|Mixed Platforms.ActiveCfg = Release|Any CPU
		{20E43088-4618-4F4A-B8AD-FC31B50D94CD}.Release|x86.ActiveCfg = Release|Any CPU
		{20E43088-4618-4F4A-B8AD-FC31B50D94CD}.TimeLive2Setup|.NET.ActiveCfg = GenerateDebug|Any CPU
		{20E43088-4618-4F4A-B8AD-FC31B50D94CD}.TimeLive2Setup|Any CPU.ActiveCfg = GenerateDebug|Any CPU
		{20E43088-4618-4F4A-B8AD-FC31B50D94CD}.TimeLive2Setup|Any CPU.Build.0 = GenerateDebug|Any CPU
		{20E43088-4618-4F4A-B8AD-FC31B50D94CD}.TimeLive2Setup|Mixed Platforms.ActiveCfg = Release|Any CPU
		{20E43088-4618-4F4A-B8AD-FC31B50D94CD}.TimeLive2Setup|x86.ActiveCfg = GenerateDebug|Any CPU
		{20E43088-4618-4F4A-B8AD-FC31B50D94CD}.TimeLive2SetupFull|.NET.ActiveCfg = GenerateDebug|Any CPU
		{20E43088-4618-4F4A-B8AD-FC31B50D94CD}.TimeLive2SetupFull|Any CPU.ActiveCfg = GenerateDebug|Any CPU
		{20E43088-4618-4F4A-B8AD-FC31B50D94CD}.TimeLive2SetupFull|Any CPU.Build.0 = GenerateDebug|Any CPU
		{20E43088-4618-4F4A-B8AD-FC31B50D94CD}.TimeLive2SetupFull|Mixed Platforms.ActiveCfg = GenerateDebug|Any CPU
		{20E43088-4618-4F4A-B8AD-FC31B50D94CD}.TimeLive2SetupFull|Mixed Platforms.Build.0 = GenerateDebug|Any CPU
		{20E43088-4618-4F4A-B8AD-FC31B50D94CD}.TimeLive2SetupFull|x86.ActiveCfg = GenerateDebug|Any CPU
		{20E43088-4618-4F4A-B8AD-FC31B50D94CD}.TimeLive2SetupSQLEXP|.NET.ActiveCfg = GenerateDebug|Any CPU
		{20E43088-4618-4F4A-B8AD-FC31B50D94CD}.TimeLive2SetupSQLEXP|Any CPU.ActiveCfg = GenerateDebug|Any CPU
		{20E43088-4618-4F4A-B8AD-FC31B50D94CD}.TimeLive2SetupSQLEXP|Any CPU.Build.0 = GenerateDebug|Any CPU
		{20E43088-4618-4F4A-B8AD-FC31B50D94CD}.TimeLive2SetupSQLEXP|Mixed Platforms.ActiveCfg = GenerateDebug|Any CPU
		{20E43088-4618-4F4A-B8AD-FC31B50D94CD}.TimeLive2SetupSQLEXP|Mixed Platforms.Build.0 = GenerateDebug|Any CPU
		{20E43088-4618-4F4A-B8AD-FC31B50D94CD}.TimeLive2SetupSQLEXP|x86.ActiveCfg = GenerateDebug|Any CPU
		{6F945D02-5FFB-441F-A06D-9335EA1BE222}.Debug|.NET.ActiveCfg = Debug|Any CPU
		{6F945D02-5FFB-441F-A06D-9335EA1BE222}.Debug|Any CPU.ActiveCfg = Debug|Any CPU
		{6F945D02-5FFB-441F-A06D-9335EA1BE222}.Debug|Any CPU.Build.0 = Debug|Any CPU
		{6F945D02-5FFB-441F-A06D-9335EA1BE222}.Debug|Mixed Platforms.ActiveCfg = Debug|Any CPU
		{6F945D02-5FFB-441F-A06D-9335EA1BE222}.Debug|x86.ActiveCfg = Debug|Any CPU
		{6F945D02-5FFB-441F-A06D-9335EA1BE222}.GenerateDebug|.NET.ActiveCfg = Debug|Any CPU
		{6F945D02-5FFB-441F-A06D-9335EA1BE222}.GenerateDebug|Any CPU.ActiveCfg = Debug|Any CPU
		{6F945D02-5FFB-441F-A06D-9335EA1BE222}.GenerateDebug|Any CPU.Build.0 = Debug|Any CPU
		{6F945D02-5FFB-441F-A06D-9335EA1BE222}.GenerateDebug|Mixed Platforms.ActiveCfg = Debug|Any CPU
		{6F945D02-5FFB-441F-A06D-9335EA1BE222}.GenerateDebug|Mixed Platforms.Build.0 = Debug|Any CPU
		{6F945D02-5FFB-441F-A06D-9335EA1BE222}.GenerateDebug|x86.ActiveCfg = Debug|Any CPU
		{6F945D02-5FFB-441F-A06D-9335EA1BE222}.Release|.NET.ActiveCfg = Release|Any CPU
		{6F945D02-5FFB-441F-A06D-9335EA1BE222}.Release|Any CPU.ActiveCfg = Release|Any CPU
		{6F945D02-5FFB-441F-A06D-9335EA1BE222}.Release|Any CPU.Build.0 = Release|Any CPU
		{6F945D02-5FFB-441F-A06D-9335EA1BE222}.Release|Mixed Platforms.ActiveCfg = Release|Any CPU
		{6F945D02-5FFB-441F-A06D-9335EA1BE222}.Release|x86.ActiveCfg = Release|Any CPU
		{6F945D02-5FFB-441F-A06D-9335EA1BE222}.TimeLive2Setup|.NET.ActiveCfg = Release|Any CPU
		{6F945D02-5FFB-441F-A06D-9335EA1BE222}.TimeLive2Setup|Any CPU.ActiveCfg = Release|Any CPU
		{6F945D02-5FFB-441F-A06D-9335EA1BE222}.TimeLive2Setup|Any CPU.Build.0 = Release|Any CPU
		{6F945D02-5FFB-441F-A06D-9335EA1BE222}.TimeLive2Setup|Mixed Platforms.ActiveCfg = Release|Any CPU
		{6F945D02-5FFB-441F-A06D-9335EA1BE222}.TimeLive2Setup|x86.ActiveCfg = Release|Any CPU
		{6F945D02-5FFB-441F-A06D-9335EA1BE222}.TimeLive2SetupFull|.NET.ActiveCfg = Release|Any CPU
		{6F945D02-5FFB-441F-A06D-9335EA1BE222}.TimeLive2SetupFull|Any CPU.ActiveCfg = Release|Any CPU
		{6F945D02-5FFB-441F-A06D-9335EA1BE222}.TimeLive2SetupFull|Any CPU.Build.0 = Release|Any CPU
		{6F945D02-5FFB-441F-A06D-9335EA1BE222}.TimeLive2SetupFull|Mixed Platforms.ActiveCfg = Release|Any CPU
		{6F945D02-5FFB-441F-A06D-9335EA1BE222}.TimeLive2SetupFull|Mixed Platforms.Build.0 = Release|Any CPU
		{6F945D02-5FFB-441F-A06D-9335EA1BE222}.TimeLive2SetupFull|x86.ActiveCfg = Release|Any CPU
		{6F945D02-5FFB-441F-A06D-9335EA1BE222}.TimeLive2SetupSQLEXP|.NET.ActiveCfg = Release|Any CPU
		{6F945D02-5FFB-441F-A06D-9335EA1BE222}.TimeLive2SetupSQLEXP|Any CPU.ActiveCfg = Release|Any CPU
		{6F945D02-5FFB-441F-A06D-9335EA1BE222}.TimeLive2SetupSQLEXP|Any CPU.Build.0 = Release|Any CPU
		{6F945D02-5FFB-441F-A06D-9335EA1BE222}.TimeLive2SetupSQLEXP|Mixed Platforms.ActiveCfg = Release|Any CPU
		{6F945D02-5FFB-441F-A06D-9335EA1BE222}.TimeLive2SetupSQLEXP|Mixed Platforms.Build.0 = Release|Any CPU
		{6F945D02-5FFB-441F-A06D-9335EA1BE222}.TimeLive2SetupSQLEXP|x86.ActiveCfg = Release|Any CPU
		{2855B49F-A9A7-4D54-ADF1-8F2C5B0455C5}.Debug|.NET.ActiveCfg = Debug|Any CPU
		{2855B49F-A9A7-4D54-ADF1-8F2C5B0455C5}.Debug|Any CPU.ActiveCfg = Debug|Any CPU
		{2855B49F-A9A7-4D54-ADF1-8F2C5B0455C5}.Debug|Any CPU.Build.0 = Debug|Any CPU
		{2855B49F-A9A7-4D54-ADF1-8F2C5B0455C5}.Debug|Mixed Platforms.ActiveCfg = Debug|Any CPU
		{2855B49F-A9A7-4D54-ADF1-8F2C5B0455C5}.Debug|x86.ActiveCfg = Debug|Any CPU
		{2855B49F-A9A7-4D54-ADF1-8F2C5B0455C5}.GenerateDebug|.NET.ActiveCfg = Debug|Any CPU
		{2855B49F-A9A7-4D54-ADF1-8F2C5B0455C5}.GenerateDebug|Any CPU.ActiveCfg = Debug|Any CPU
		{2855B49F-A9A7-4D54-ADF1-8F2C5B0455C5}.GenerateDebug|Any CPU.Build.0 = Debug|Any CPU
		{2855B49F-A9A7-4D54-ADF1-8F2C5B0455C5}.GenerateDebug|Mixed Platforms.ActiveCfg = Debug|Any CPU
		{2855B49F-A9A7-4D54-ADF1-8F2C5B0455C5}.GenerateDebug|Mixed Platforms.Build.0 = Debug|Any CPU
		{2855B49F-A9A7-4D54-ADF1-8F2C5B0455C5}.GenerateDebug|x86.ActiveCfg = Debug|Any CPU
		{2855B49F-A9A7-4D54-ADF1-8F2C5B0455C5}.Release|.NET.ActiveCfg = Release|Any CPU
		{2855B49F-A9A7-4D54-ADF1-8F2C5B0455C5}.Release|Any CPU.ActiveCfg = Release|Any CPU
		{2855B49F-A9A7-4D54-ADF1-8F2C5B0455C5}.Release|Any CPU.Build.0 = Release|Any CPU
		{2855B49F-A9A7-4D54-ADF1-8F2C5B0455C5}.Release|Mixed Platforms.ActiveCfg = Release|Any CPU
		{2855B49F-A9A7-4D54-ADF1-8F2C5B0455C5}.Release|x86.ActiveCfg = Release|Any CPU
		{2855B49F-A9A7-4D54-ADF1-8F2C5B0455C5}.TimeLive2Setup|.NET.ActiveCfg = Release|Any CPU
		{2855B49F-A9A7-4D54-ADF1-8F2C5B0455C5}.TimeLive2Setup|Any CPU.ActiveCfg = Release|Any CPU
		{2855B49F-A9A7-4D54-ADF1-8F2C5B0455C5}.TimeLive2Setup|Any CPU.Build.0 = Release|Any CPU
		{2855B49F-A9A7-4D54-ADF1-8F2C5B0455C5}.TimeLive2Setup|Mixed Platforms.ActiveCfg = Release|Any CPU
		{2855B49F-A9A7-4D54-ADF1-8F2C5B0455C5}.TimeLive2Setup|x86.ActiveCfg = Release|Any CPU
		{2855B49F-A9A7-4D54-ADF1-8F2C5B0455C5}.TimeLive2SetupFull|.NET.ActiveCfg = Release|Any CPU
		{2855B49F-A9A7-4D54-ADF1-8F2C5B0455C5}.TimeLive2SetupFull|Any CPU.ActiveCfg = Release|Any CPU
		{2855B49F-A9A7-4D54-ADF1-8F2C5B0455C5}.TimeLive2SetupFull|Any CPU.Build.0 = Release|Any CPU
		{2855B49F-A9A7-4D54-ADF1-8F2C5B0455C5}.TimeLive2SetupFull|Mixed Platforms.ActiveCfg = Release|Any CPU
		{2855B49F-A9A7-4D54-ADF1-8F2C5B0455C5}.TimeLive2SetupFull|Mixed Platforms.Build.0 = Release|Any CPU
		{2855B49F-A9A7-4D54-ADF1-8F2C5B0455C5}.TimeLive2SetupFull|x86.ActiveCfg = Release|Any CPU
		{2855B49F-A9A7-4D54-ADF1-8F2C5B0455C5}.TimeLive2SetupSQLEXP|.NET.ActiveCfg = Release|Any CPU
		{2855B49F-A9A7-4D54-ADF1-8F2C5B0455C5}.TimeLive2SetupSQLEXP|Any CPU.ActiveCfg = Release|Any CPU
		{2855B49F-A9A7-4D54-ADF1-8F2C5B0455C5}.TimeLive2SetupSQLEXP|Any CPU.Build.0 = Release|Any CPU
		{2855B49F-A9A7-4D54-ADF1-8F2C5B0455C5}.TimeLive2SetupSQLEXP|Mixed Platforms.ActiveCfg = Release|Any CPU
		{2855B49F-A9A7-4D54-ADF1-8F2C5B0455C5}.TimeLive2SetupSQLEXP|Mixed Platforms.Build.0 = Release|Any CPU
		{2855B49F-A9A7-4D54-ADF1-8F2C5B0455C5}.TimeLive2SetupSQLEXP|x86.ActiveCfg = Release|Any CPU
		{39B6E276-B330-499E-B2BB-8CEC4EC1478E}.Debug|.NET.ActiveCfg = Debug|Any CPU
		{39B6E276-B330-499E-B2BB-8CEC4EC1478E}.Debug|Any CPU.ActiveCfg = Debug|Any CPU
		{39B6E276-B330-499E-B2BB-8CEC4EC1478E}.Debug|Any CPU.Build.0 = Debug|Any CPU
		{39B6E276-B330-499E-B2BB-8CEC4EC1478E}.Debug|Mixed Platforms.ActiveCfg = Debug|Any CPU
		{39B6E276-B330-499E-B2BB-8CEC4EC1478E}.Debug|x86.ActiveCfg = Debug|Any CPU
		{39B6E276-B330-499E-B2BB-8CEC4EC1478E}.GenerateDebug|.NET.ActiveCfg = Debug|Any CPU
		{39B6E276-B330-499E-B2BB-8CEC4EC1478E}.GenerateDebug|Any CPU.ActiveCfg = Debug|Any CPU
		{39B6E276-B330-499E-B2BB-8CEC4EC1478E}.GenerateDebug|Any CPU.Build.0 = Debug|Any CPU
		{39B6E276-B330-499E-B2BB-8CEC4EC1478E}.GenerateDebug|Mixed Platforms.ActiveCfg = Debug|Any CPU
		{39B6E276-B330-499E-B2BB-8CEC4EC1478E}.GenerateDebug|Mixed Platforms.Build.0 = Debug|Any CPU
		{39B6E276-B330-499E-B2BB-8CEC4EC1478E}.GenerateDebug|x86.ActiveCfg = Debug|Any CPU
		{39B6E276-B330-499E-B2BB-8CEC4EC1478E}.Release|.NET.ActiveCfg = Release|Any CPU
		{39B6E276-B330-499E-B2BB-8CEC4EC1478E}.Release|Any CPU.ActiveCfg = Release|Any CPU
		{39B6E276-B330-499E-B2BB-8CEC4EC1478E}.Release|Any CPU.Build.0 = Release|Any CPU
		{39B6E276-B330-499E-B2BB-8CEC4EC1478E}.Release|Mixed Platforms.ActiveCfg = Release|Any CPU
		{39B6E276-B330-499E-B2BB-8CEC4EC1478E}.Release|x86.ActiveCfg = Release|Any CPU
		{39B6E276-B330-499E-B2BB-8CEC4EC1478E}.TimeLive2Setup|.NET.ActiveCfg = Release|Any CPU
		{39B6E276-B330-499E-B2BB-8CEC4EC1478E}.TimeLive2Setup|Any CPU.ActiveCfg = Release|Any CPU
		{39B6E276-B330-499E-B2BB-8CEC4EC1478E}.TimeLive2Setup|Any CPU.Build.0 = Release|Any CPU
		{39B6E276-B330-499E-B2BB-8CEC4EC1478E}.TimeLive2Setup|Mixed Platforms.ActiveCfg = Release|Any CPU
		{39B6E276-B330-499E-B2BB-8CEC4EC1478E}.TimeLive2Setup|x86.ActiveCfg = Release|Any CPU
		{39B6E276-B330-499E-B2BB-8CEC4EC1478E}.TimeLive2SetupFull|.NET.ActiveCfg = Release|Any CPU
		{39B6E276-B330-499E-B2BB-8CEC4EC1478E}.TimeLive2SetupFull|Any CPU.ActiveCfg = Release|Any CPU
		{39B6E276-B330-499E-B2BB-8CEC4EC1478E}.TimeLive2SetupFull|Any CPU.Build.0 = Release|Any CPU
		{39B6E276-B330-499E-B2BB-8CEC4EC1478E}.TimeLive2SetupFull|Mixed Platforms.ActiveCfg = Release|Any CPU
		{39B6E276-B330-499E-B2BB-8CEC4EC1478E}.TimeLive2SetupFull|Mixed Platforms.Build.0 = Release|Any CPU
		{39B6E276-B330-499E-B2BB-8CEC4EC1478E}.TimeLive2SetupFull|x86.ActiveCfg = Release|Any CPU
		{39B6E276-B330-499E-B2BB-8CEC4EC1478E}.TimeLive2SetupSQLEXP|.NET.ActiveCfg = Release|Any CPU
		{39B6E276-B330-499E-B2BB-8CEC4EC1478E}.TimeLive2SetupSQLEXP|Any CPU.ActiveCfg = Release|Any CPU
		{39B6E276-B330-499E-B2BB-8CEC4EC1478E}.TimeLive2SetupSQLEXP|Any CPU.Build.0 = Release|Any CPU
		{39B6E276-B330-499E-B2BB-8CEC4EC1478E}.TimeLive2SetupSQLEXP|Mixed Platforms.ActiveCfg = Release|Any CPU
		{39B6E276-B330-499E-B2BB-8CEC4EC1478E}.TimeLive2SetupSQLEXP|Mixed Platforms.Build.0 = Release|Any CPU
		{39B6E276-B330-499E-B2BB-8CEC4EC1478E}.TimeLive2SetupSQLEXP|x86.ActiveCfg = Release|Any CPU
		{EB8633FF-CEED-40EE-8D1A-CA1BF5678C42}.Debug|.NET.ActiveCfg = Debug|Any CPU
		{EB8633FF-CEED-40EE-8D1A-CA1BF5678C42}.Debug|Any CPU.ActiveCfg = Debug|Any CPU
		{EB8633FF-CEED-40EE-8D1A-CA1BF5678C42}.Debug|Any CPU.Build.0 = Debug|Any CPU
		{EB8633FF-CEED-40EE-8D1A-CA1BF5678C42}.Debug|Mixed Platforms.ActiveCfg = Debug|Any CPU
		{EB8633FF-CEED-40EE-8D1A-CA1BF5678C42}.Debug|x86.ActiveCfg = Debug|Any CPU
		{EB8633FF-CEED-40EE-8D1A-CA1BF5678C42}.GenerateDebug|.NET.ActiveCfg = Debug|Any CPU
		{EB8633FF-CEED-40EE-8D1A-CA1BF5678C42}.GenerateDebug|Any CPU.ActiveCfg = Debug|Any CPU
		{EB8633FF-CEED-40EE-8D1A-CA1BF5678C42}.GenerateDebug|Any CPU.Build.0 = Debug|Any CPU
		{EB8633FF-CEED-40EE-8D1A-CA1BF5678C42}.GenerateDebug|Mixed Platforms.ActiveCfg = Debug|Any CPU
		{EB8633FF-CEED-40EE-8D1A-CA1BF5678C42}.GenerateDebug|Mixed Platforms.Build.0 = Debug|Any CPU
		{EB8633FF-CEED-40EE-8D1A-CA1BF5678C42}.GenerateDebug|x86.ActiveCfg = Debug|Any CPU
		{EB8633FF-CEED-40EE-8D1A-CA1BF5678C42}.Release|.NET.ActiveCfg = Release|Any CPU
		{EB8633FF-CEED-40EE-8D1A-CA1BF5678C42}.Release|Any CPU.ActiveCfg = Release|Any CPU
		{EB8633FF-CEED-40EE-8D1A-CA1BF5678C42}.Release|Any CPU.Build.0 = Release|Any CPU
		{EB8633FF-CEED-40EE-8D1A-CA1BF5678C42}.Release|Mixed Platforms.ActiveCfg = Release|Any CPU
		{EB8633FF-CEED-40EE-8D1A-CA1BF5678C42}.Release|x86.ActiveCfg = Release|Any CPU
		{EB8633FF-CEED-40EE-8D1A-CA1BF5678C42}.TimeLive2Setup|.NET.ActiveCfg = Release|Any CPU
		{EB8633FF-CEED-40EE-8D1A-CA1BF5678C42}.TimeLive2Setup|Any CPU.ActiveCfg = Release|Any CPU
		{EB8633FF-CEED-40EE-8D1A-CA1BF5678C42}.TimeLive2Setup|Any CPU.Build.0 = Release|Any CPU
		{EB8633FF-CEED-40EE-8D1A-CA1BF5678C42}.TimeLive2Setup|Mixed Platforms.ActiveCfg = Release|Any CPU
		{EB8633FF-CEED-40EE-8D1A-CA1BF5678C42}.TimeLive2Setup|Mixed Platforms.Build.0 = Release|Any CPU
		{EB8633FF-CEED-40EE-8D1A-CA1BF5678C42}.TimeLive2Setup|x86.ActiveCfg = Release|Any CPU
		{EB8633FF-CEED-40EE-8D1A-CA1BF5678C42}.TimeLive2SetupFull|.NET.ActiveCfg = Release|Any CPU
		{EB8633FF-CEED-40EE-8D1A-CA1BF5678C42}.TimeLive2SetupFull|Any CPU.ActiveCfg = Release|Any CPU
		{EB8633FF-CEED-40EE-8D1A-CA1BF5678C42}.TimeLive2SetupFull|Any CPU.Build.0 = Release|Any CPU
		{EB8633FF-CEED-40EE-8D1A-CA1BF5678C42}.TimeLive2SetupFull|Mixed Platforms.ActiveCfg = Release|Any CPU
		{EB8633FF-CEED-40EE-8D1A-CA1BF5678C42}.TimeLive2SetupFull|Mixed Platforms.Build.0 = Release|Any CPU
		{EB8633FF-CEED-40EE-8D1A-CA1BF5678C42}.TimeLive2SetupFull|x86.ActiveCfg = Release|Any CPU
		{EB8633FF-CEED-40EE-8D1A-CA1BF5678C42}.TimeLive2SetupSQLEXP|.NET.ActiveCfg = Release|Any CPU
		{EB8633FF-CEED-40EE-8D1A-CA1BF5678C42}.TimeLive2SetupSQLEXP|Any CPU.ActiveCfg = Release|Any CPU
		{EB8633FF-CEED-40EE-8D1A-CA1BF5678C42}.TimeLive2SetupSQLEXP|Any CPU.Build.0 = Release|Any CPU
		{EB8633FF-CEED-40EE-8D1A-CA1BF5678C42}.TimeLive2SetupSQLEXP|Mixed Platforms.ActiveCfg = Release|Any CPU
		{EB8633FF-CEED-40EE-8D1A-CA1BF5678C42}.TimeLive2SetupSQLEXP|Mixed Platforms.Build.0 = Release|Any CPU
		{EB8633FF-CEED-40EE-8D1A-CA1BF5678C42}.TimeLive2SetupSQLEXP|x86.ActiveCfg = Release|Any CPU
		{722785C3-1105-4661-94AB-4F34796EAFA6}.Debug|.NET.ActiveCfg = Debug|Any CPU
		{722785C3-1105-4661-94AB-4F34796EAFA6}.Debug|Any CPU.ActiveCfg = Debug|Any CPU
		{722785C3-1105-4661-94AB-4F34796EAFA6}.Debug|Any CPU.Build.0 = Debug|Any CPU
		{722785C3-1105-4661-94AB-4F34796EAFA6}.Debug|Mixed Platforms.ActiveCfg = Debug|Any CPU
		{722785C3-1105-4661-94AB-4F34796EAFA6}.Debug|Mixed Platforms.Build.0 = Debug|Any CPU
		{722785C3-1105-4661-94AB-4F34796EAFA6}.Debug|x86.ActiveCfg = Debug|Any CPU
		{722785C3-1105-4661-94AB-4F34796EAFA6}.GenerateDebug|.NET.ActiveCfg = Debug|Any CPU
		{722785C3-1105-4661-94AB-4F34796EAFA6}.GenerateDebug|Any CPU.ActiveCfg = Debug|Any CPU
		{722785C3-1105-4661-94AB-4F34796EAFA6}.GenerateDebug|Any CPU.Build.0 = Debug|Any CPU
		{722785C3-1105-4661-94AB-4F34796EAFA6}.GenerateDebug|Mixed Platforms.ActiveCfg = Debug|Any CPU
		{722785C3-1105-4661-94AB-4F34796EAFA6}.GenerateDebug|Mixed Platforms.Build.0 = Debug|Any CPU
		{722785C3-1105-4661-94AB-4F34796EAFA6}.GenerateDebug|x86.ActiveCfg = Debug|Any CPU
		{722785C3-1105-4661-94AB-4F34796EAFA6}.Release|.NET.ActiveCfg = Debug|Any CPU
		{722785C3-1105-4661-94AB-4F34796EAFA6}.Release|Any CPU.ActiveCfg = Debug|Any CPU
		{722785C3-1105-4661-94AB-4F34796EAFA6}.Release|Any CPU.Build.0 = Debug|Any CPU
		{722785C3-1105-4661-94AB-4F34796EAFA6}.Release|Mixed Platforms.ActiveCfg = Debug|Any CPU
		{722785C3-1105-4661-94AB-4F34796EAFA6}.Release|Mixed Platforms.Build.0 = Debug|Any CPU
		{722785C3-1105-4661-94AB-4F34796EAFA6}.Release|x86.ActiveCfg = Debug|Any CPU
		{722785C3-1105-4661-94AB-4F34796EAFA6}.TimeLive2Setup|.NET.ActiveCfg = Debug|Any CPU
		{722785C3-1105-4661-94AB-4F34796EAFA6}.TimeLive2Setup|Any CPU.ActiveCfg = Debug|Any CPU
		{722785C3-1105-4661-94AB-4F34796EAFA6}.TimeLive2Setup|Any CPU.Build.0 = Debug|Any CPU
		{722785C3-1105-4661-94AB-4F34796EAFA6}.TimeLive2Setup|Mixed Platforms.ActiveCfg = Debug|Any CPU
		{722785C3-1105-4661-94AB-4F34796EAFA6}.TimeLive2Setup|Mixed Platforms.Build.0 = Debug|Any CPU
		{722785C3-1105-4661-94AB-4F34796EAFA6}.TimeLive2Setup|x86.ActiveCfg = Debug|Any CPU
		{722785C3-1105-4661-94AB-4F34796EAFA6}.TimeLive2SetupFull|.NET.ActiveCfg = Debug|Any CPU
		{722785C3-1105-4661-94AB-4F34796EAFA6}.TimeLive2SetupFull|Any CPU.ActiveCfg = Debug|Any CPU
		{722785C3-1105-4661-94AB-4F34796EAFA6}.TimeLive2SetupFull|Any CPU.Build.0 = Debug|Any CPU
		{722785C3-1105-4661-94AB-4F34796EAFA6}.TimeLive2SetupFull|Mixed Platforms.ActiveCfg = Debug|Any CPU
		{722785C3-1105-4661-94AB-4F34796EAFA6}.TimeLive2SetupFull|Mixed Platforms.Build.0 = Debug|Any CPU
		{722785C3-1105-4661-94AB-4F34796EAFA6}.TimeLive2SetupFull|x86.ActiveCfg = Debug|Any CPU
		{722785C3-1105-4661-94AB-4F34796EAFA6}.TimeLive2SetupSQLEXP|.NET.ActiveCfg = Debug|Any CPU
		{722785C3-1105-4661-94AB-4F34796EAFA6}.TimeLive2SetupSQLEXP|Any CPU.ActiveCfg = Debug|Any CPU
		{722785C3-1105-4661-94AB-4F34796EAFA6}.TimeLive2SetupSQLEXP|Any CPU.Build.0 = Debug|Any CPU
		{722785C3-1105-4661-94AB-4F34796EAFA6}.TimeLive2SetupSQLEXP|Mixed Platforms.ActiveCfg = Debug|Any CPU
		{722785C3-1105-4661-94AB-4F34796EAFA6}.TimeLive2SetupSQLEXP|Mixed Platforms.Build.0 = Debug|Any CPU
		{722785C3-1105-4661-94AB-4F34796EAFA6}.TimeLive2SetupSQLEXP|x86.ActiveCfg = Debug|Any CPU
		{5E86F77D-97CA-4C6B-95C4-1B5F938FB1D4}.Debug|.NET.ActiveCfg = Debug|Any CPU
		{5E86F77D-97CA-4C6B-95C4-1B5F938FB1D4}.Debug|Any CPU.ActiveCfg = Debug|Any CPU
		{5E86F77D-97CA-4C6B-95C4-1B5F938FB1D4}.Debug|Any CPU.Build.0 = Debug|Any CPU
		{5E86F77D-97CA-4C6B-95C4-1B5F938FB1D4}.Debug|Mixed Platforms.ActiveCfg = Debug|Any CPU
		{5E86F77D-97CA-4C6B-95C4-1B5F938FB1D4}.Debug|Mixed Platforms.Build.0 = Debug|Any CPU
		{5E86F77D-97CA-4C6B-95C4-1B5F938FB1D4}.Debug|x86.ActiveCfg = Debug|Any CPU
		{5E86F77D-97CA-4C6B-95C4-1B5F938FB1D4}.GenerateDebug|.NET.ActiveCfg = Debug|Any CPU
		{5E86F77D-97CA-4C6B-95C4-1B5F938FB1D4}.GenerateDebug|Any CPU.ActiveCfg = Debug|Any CPU
		{5E86F77D-97CA-4C6B-95C4-1B5F938FB1D4}.GenerateDebug|Any CPU.Build.0 = Debug|Any CPU
		{5E86F77D-97CA-4C6B-95C4-1B5F938FB1D4}.GenerateDebug|Mixed Platforms.ActiveCfg = Debug|Any CPU
		{5E86F77D-97CA-4C6B-95C4-1B5F938FB1D4}.GenerateDebug|Mixed Platforms.Build.0 = Debug|Any CPU
		{5E86F77D-97CA-4C6B-95C4-1B5F938FB1D4}.GenerateDebug|x86.ActiveCfg = Debug|Any CPU
		{5E86F77D-97CA-4C6B-95C4-1B5F938FB1D4}.Release|.NET.ActiveCfg = Release|Any CPU
		{5E86F77D-97CA-4C6B-95C4-1B5F938FB1D4}.Release|Any CPU.ActiveCfg = Release|Any CPU
		{5E86F77D-97CA-4C6B-95C4-1B5F938FB1D4}.Release|Any CPU.Build.0 = Release|Any CPU
		{5E86F77D-97CA-4C6B-95C4-1B5F938FB1D4}.Release|Mixed Platforms.ActiveCfg = Release|Any CPU
		{5E86F77D-97CA-4C6B-95C4-1B5F938FB1D4}.Release|x86.ActiveCfg = Release|Any CPU
		{5E86F77D-97CA-4C6B-95C4-1B5F938FB1D4}.TimeLive2Setup|.NET.ActiveCfg = Release|Any CPU
		{5E86F77D-97CA-4C6B-95C4-1B5F938FB1D4}.TimeLive2Setup|Any CPU.ActiveCfg = Release|Any CPU
		{5E86F77D-97CA-4C6B-95C4-1B5F938FB1D4}.TimeLive2Setup|Any CPU.Build.0 = Release|Any CPU
		{5E86F77D-97CA-4C6B-95C4-1B5F938FB1D4}.TimeLive2Setup|Mixed Platforms.ActiveCfg = Release|Any CPU
		{5E86F77D-97CA-4C6B-95C4-1B5F938FB1D4}.TimeLive2Setup|Mixed Platforms.Build.0 = Release|Any CPU
		{5E86F77D-97CA-4C6B-95C4-1B5F938FB1D4}.TimeLive2Setup|x86.ActiveCfg = Release|Any CPU
		{5E86F77D-97CA-4C6B-95C4-1B5F938FB1D4}.TimeLive2SetupFull|.NET.ActiveCfg = Release|Any CPU
		{5E86F77D-97CA-4C6B-95C4-1B5F938FB1D4}.TimeLive2SetupFull|Any CPU.ActiveCfg = Release|Any CPU
		{5E86F77D-97CA-4C6B-95C4-1B5F938FB1D4}.TimeLive2SetupFull|Any CPU.Build.0 = Release|Any CPU
		{5E86F77D-97CA-4C6B-95C4-1B5F938FB1D4}.TimeLive2SetupFull|Mixed Platforms.ActiveCfg = Release|Any CPU
		{5E86F77D-97CA-4C6B-95C4-1B5F938FB1D4}.TimeLive2SetupFull|Mixed Platforms.Build.0 = Release|Any CPU
		{5E86F77D-97CA-4C6B-95C4-1B5F938FB1D4}.TimeLive2SetupFull|x86.ActiveCfg = Release|Any CPU
		{5E86F77D-97CA-4C6B-95C4-1B5F938FB1D4}.TimeLive2SetupSQLEXP|.NET.ActiveCfg = Release|Any CPU
		{5E86F77D-97CA-4C6B-95C4-1B5F938FB1D4}.TimeLive2SetupSQLEXP|Any CPU.ActiveCfg = Release|Any CPU
		{5E86F77D-97CA-4C6B-95C4-1B5F938FB1D4}.TimeLive2SetupSQLEXP|Any CPU.Build.0 = Release|Any CPU
		{5E86F77D-97CA-4C6B-95C4-1B5F938FB1D4}.TimeLive2SetupSQLEXP|Mixed Platforms.ActiveCfg = Release|Any CPU
		{5E86F77D-97CA-4C6B-95C4-1B5F938FB1D4}.TimeLive2SetupSQLEXP|Mixed Platforms.Build.0 = Release|Any CPU
		{5E86F77D-97CA-4C6B-95C4-1B5F938FB1D4}.TimeLive2SetupSQLEXP|x86.ActiveCfg = Release|Any CPU
		{BCB9035A-7AE7-4326-96E1-0ADC9BAC8170}.Debug|.NET.ActiveCfg = Debug|Any CPU
		{BCB9035A-7AE7-4326-96E1-0ADC9BAC8170}.Debug|Any CPU.ActiveCfg = Debug|Any CPU
		{BCB9035A-7AE7-4326-96E1-0ADC9BAC8170}.Debug|Any CPU.Build.0 = Debug|Any CPU
		{BCB9035A-7AE7-4326-96E1-0ADC9BAC8170}.Debug|Mixed Platforms.ActiveCfg = Debug|Any CPU
		{BCB9035A-7AE7-4326-96E1-0ADC9BAC8170}.Debug|Mixed Platforms.Build.0 = Debug|Any CPU
		{BCB9035A-7AE7-4326-96E1-0ADC9BAC8170}.Debug|x86.ActiveCfg = Debug|Any CPU
		{BCB9035A-7AE7-4326-96E1-0ADC9BAC8170}.GenerateDebug|.NET.ActiveCfg = Debug|Any CPU
		{BCB9035A-7AE7-4326-96E1-0ADC9BAC8170}.GenerateDebug|Any CPU.ActiveCfg = Debug|Any CPU
		{BCB9035A-7AE7-4326-96E1-0ADC9BAC8170}.GenerateDebug|Any CPU.Build.0 = Debug|Any CPU
		{BCB9035A-7AE7-4326-96E1-0ADC9BAC8170}.GenerateDebug|Mixed Platforms.ActiveCfg = Debug|Any CPU
		{BCB9035A-7AE7-4326-96E1-0ADC9BAC8170}.GenerateDebug|Mixed Platforms.Build.0 = Debug|Any CPU
		{BCB9035A-7AE7-4326-96E1-0ADC9BAC8170}.GenerateDebug|x86.ActiveCfg = Debug|Any CPU
		{BCB9035A-7AE7-4326-96E1-0ADC9BAC8170}.Release|.NET.ActiveCfg = Release|Any CPU
		{BCB9035A-7AE7-4326-96E1-0ADC9BAC8170}.Release|Any CPU.ActiveCfg = Release|Any CPU
		{BCB9035A-7AE7-4326-96E1-0ADC9BAC8170}.Release|Any CPU.Build.0 = Release|Any CPU
		{BCB9035A-7AE7-4326-96E1-0ADC9BAC8170}.Release|Mixed Platforms.ActiveCfg = Release|Any CPU
		{BCB9035A-7AE7-4326-96E1-0ADC9BAC8170}.Release|x86.ActiveCfg = Release|Any CPU
		{BCB9035A-7AE7-4326-96E1-0ADC9BAC8170}.TimeLive2Setup|.NET.ActiveCfg = Release|Any CPU
		{BCB9035A-7AE7-4326-96E1-0ADC9BAC8170}.TimeLive2Setup|Any CPU.ActiveCfg = Release|Any CPU
		{BCB9035A-7AE7-4326-96E1-0ADC9BAC8170}.TimeLive2Setup|Any CPU.Build.0 = Release|Any CPU
		{BCB9035A-7AE7-4326-96E1-0ADC9BAC8170}.TimeLive2Setup|Mixed Platforms.ActiveCfg = Release|Any CPU
		{BCB9035A-7AE7-4326-96E1-0ADC9BAC8170}.TimeLive2Setup|Mixed Platforms.Build.0 = Release|Any CPU
		{BCB9035A-7AE7-4326-96E1-0ADC9BAC8170}.TimeLive2Setup|x86.ActiveCfg = Release|Any CPU
		{BCB9035A-7AE7-4326-96E1-0ADC9BAC8170}.TimeLive2SetupFull|.NET.ActiveCfg = Release|Any CPU
		{BCB9035A-7AE7-4326-96E1-0ADC9BAC8170}.TimeLive2SetupFull|Any CPU.ActiveCfg = Release|Any CPU
		{BCB9035A-7AE7-4326-96E1-0ADC9BAC8170}.TimeLive2SetupFull|Any CPU.Build.0 = Release|Any CPU
		{BCB9035A-7AE7-4326-96E1-0ADC9BAC8170}.TimeLive2SetupFull|Mixed Platforms.ActiveCfg = Release|Any CPU
		{BCB9035A-7AE7-4326-96E1-0ADC9BAC8170}.TimeLive2SetupFull|Mixed Platforms.Build.0 = Release|Any CPU
		{BCB9035A-7AE7-4326-96E1-0ADC9BAC8170}.TimeLive2SetupFull|x86.ActiveCfg = Release|Any CPU
		{BCB9035A-7AE7-4326-96E1-0ADC9BAC8170}.TimeLive2SetupSQLEXP|.NET.ActiveCfg = Release|Any CPU
		{BCB9035A-7AE7-4326-96E1-0ADC9BAC8170}.TimeLive2SetupSQLEXP|Any CPU.ActiveCfg = Release|Any CPU
		{BCB9035A-7AE7-4326-96E1-0ADC9BAC8170}.TimeLive2SetupSQLEXP|Any CPU.Build.0 = Release|Any CPU
		{BCB9035A-7AE7-4326-96E1-0ADC9BAC8170}.TimeLive2SetupSQLEXP|Mixed Platforms.ActiveCfg = Release|Any CPU
		{BCB9035A-7AE7-4326-96E1-0ADC9BAC8170}.TimeLive2SetupSQLEXP|Mixed Platforms.Build.0 = Release|Any CPU
		{BCB9035A-7AE7-4326-96E1-0ADC9BAC8170}.TimeLive2SetupSQLEXP|x86.ActiveCfg = Release|Any CPU
		{51302E3D-EF24-4595-B3BF-A1EDDFDCA80D}.Debug|.NET.ActiveCfg = Debug|Any CPU
		{51302E3D-EF24-4595-B3BF-A1EDDFDCA80D}.Debug|Any CPU.ActiveCfg = Debug|Any CPU
		{51302E3D-EF24-4595-B3BF-A1EDDFDCA80D}.Debug|Any CPU.Build.0 = Debug|Any CPU
		{51302E3D-EF24-4595-B3BF-A1EDDFDCA80D}.Debug|Mixed Platforms.ActiveCfg = Debug|Any CPU
		{51302E3D-EF24-4595-B3BF-A1EDDFDCA80D}.Debug|Mixed Platforms.Build.0 = Debug|Any CPU
		{51302E3D-EF24-4595-B3BF-A1EDDFDCA80D}.Debug|x86.ActiveCfg = Debug|Any CPU
		{51302E3D-EF24-4595-B3BF-A1EDDFDCA80D}.GenerateDebug|.NET.ActiveCfg = Debug|Any CPU
		{51302E3D-EF24-4595-B3BF-A1EDDFDCA80D}.GenerateDebug|Any CPU.ActiveCfg = Debug|Any CPU
		{51302E3D-EF24-4595-B3BF-A1EDDFDCA80D}.GenerateDebug|Any CPU.Build.0 = Debug|Any CPU
		{51302E3D-EF24-4595-B3BF-A1EDDFDCA80D}.GenerateDebug|Mixed Platforms.ActiveCfg = Debug|Any CPU
		{51302E3D-EF24-4595-B3BF-A1EDDFDCA80D}.GenerateDebug|Mixed Platforms.Build.0 = Debug|Any CPU
		{51302E3D-EF24-4595-B3BF-A1EDDFDCA80D}.GenerateDebug|x86.ActiveCfg = Debug|Any CPU
		{51302E3D-EF24-4595-B3BF-A1EDDFDCA80D}.Release|.NET.ActiveCfg = Release|Any CPU
		{51302E3D-EF24-4595-B3BF-A1EDDFDCA80D}.Release|Any CPU.ActiveCfg = Release|Any CPU
		{51302E3D-EF24-4595-B3BF-A1EDDFDCA80D}.Release|Any CPU.Build.0 = Release|Any CPU
		{51302E3D-EF24-4595-B3BF-A1EDDFDCA80D}.Release|Mixed Platforms.ActiveCfg = Release|Any CPU
		{51302E3D-EF24-4595-B3BF-A1EDDFDCA80D}.Release|x86.ActiveCfg = Release|Any CPU
		{51302E3D-EF24-4595-B3BF-A1EDDFDCA80D}.TimeLive2Setup|.NET.ActiveCfg = Release|Any CPU
		{51302E3D-EF24-4595-B3BF-A1EDDFDCA80D}.TimeLive2Setup|Any CPU.ActiveCfg = Release|Any CPU
		{51302E3D-EF24-4595-B3BF-A1EDDFDCA80D}.TimeLive2Setup|Any CPU.Build.0 = Release|Any CPU
		{51302E3D-EF24-4595-B3BF-A1EDDFDCA80D}.TimeLive2Setup|Mixed Platforms.ActiveCfg = Release|Any CPU
		{51302E3D-EF24-4595-B3BF-A1EDDFDCA80D}.TimeLive2Setup|Mixed Platforms.Build.0 = Release|Any CPU
		{51302E3D-EF24-4595-B3BF-A1EDDFDCA80D}.TimeLive2Setup|x86.ActiveCfg = Release|Any CPU
		{51302E3D-EF24-4595-B3BF-A1EDDFDCA80D}.TimeLive2SetupFull|.NET.ActiveCfg = Release|Any CPU
		{51302E3D-EF24-4595-B3BF-A1EDDFDCA80D}.TimeLive2SetupFull|Any CPU.ActiveCfg = Release|Any CPU
		{51302E3D-EF24-4595-B3BF-A1EDDFDCA80D}.TimeLive2SetupFull|Any CPU.Build.0 = Release|Any CPU
		{51302E3D-EF24-4595-B3BF-A1EDDFDCA80D}.TimeLive2SetupFull|Mixed Platforms.ActiveCfg = Release|Any CPU
		{51302E3D-EF24-4595-B3BF-A1EDDFDCA80D}.TimeLive2SetupFull|Mixed Platforms.Build.0 = Release|Any CPU
		{51302E3D-EF24-4595-B3BF-A1EDDFDCA80D}.TimeLive2SetupFull|x86.ActiveCfg = Release|Any CPU
		{51302E3D-EF24-4595-B3BF-A1EDDFDCA80D}.TimeLive2SetupSQLEXP|.NET.ActiveCfg = Release|Any CPU
		{51302E3D-EF24-4595-B3BF-A1EDDFDCA80D}.TimeLive2SetupSQLEXP|Any CPU.ActiveCfg = Release|Any CPU
		{51302E3D-EF24-4595-B3BF-A1EDDFDCA80D}.TimeLive2SetupSQLEXP|Any CPU.Build.0 = Release|Any CPU
		{51302E3D-EF24-4595-B3BF-A1EDDFDCA80D}.TimeLive2SetupSQLEXP|Mixed Platforms.ActiveCfg = Release|Any CPU
		{51302E3D-EF24-4595-B3BF-A1EDDFDCA80D}.TimeLive2SetupSQLEXP|Mixed Platforms.Build.0 = Release|Any CPU
		{51302E3D-EF24-4595-B3BF-A1EDDFDCA80D}.TimeLive2SetupSQLEXP|x86.ActiveCfg = Release|Any CPU
		{6E8E28F3-7175-4F56-8AC6-9F511444ECB1}.Debug|.NET.ActiveCfg = Debug|Any CPU
		{6E8E28F3-7175-4F56-8AC6-9F511444ECB1}.Debug|.NET.Build.0 = Debug|Any CPU
		{6E8E28F3-7175-4F56-8AC6-9F511444ECB1}.Debug|.NET.Deploy.0 = Debug|Any CPU
		{6E8E28F3-7175-4F56-8AC6-9F511444ECB1}.Debug|Any CPU.ActiveCfg = Debug|Any CPU
		{6E8E28F3-7175-4F56-8AC6-9F511444ECB1}.Debug|Any CPU.Build.0 = Debug|Any CPU
		{6E8E28F3-7175-4F56-8AC6-9F511444ECB1}.Debug|Any CPU.Deploy.0 = Debug|Any CPU
		{6E8E28F3-7175-4F56-8AC6-9F511444ECB1}.Debug|Mixed Platforms.ActiveCfg = Debug|Any CPU
		{6E8E28F3-7175-4F56-8AC6-9F511444ECB1}.Debug|Mixed Platforms.Build.0 = Debug|Any CPU
		{6E8E28F3-7175-4F56-8AC6-9F511444ECB1}.Debug|Mixed Platforms.Deploy.0 = Debug|Any CPU
		{6E8E28F3-7175-4F56-8AC6-9F511444ECB1}.Debug|x86.ActiveCfg = Debug|Any CPU
		{6E8E28F3-7175-4F56-8AC6-9F511444ECB1}.Debug|x86.Build.0 = Debug|Any CPU
		{6E8E28F3-7175-4F56-8AC6-9F511444ECB1}.Debug|x86.Deploy.0 = Debug|Any CPU
		{6E8E28F3-7175-4F56-8AC6-9F511444ECB1}.GenerateDebug|.NET.ActiveCfg = Debug|Any CPU
		{6E8E28F3-7175-4F56-8AC6-9F511444ECB1}.GenerateDebug|.NET.Build.0 = Debug|Any CPU
		{6E8E28F3-7175-4F56-8AC6-9F511444ECB1}.GenerateDebug|.NET.Deploy.0 = Debug|Any CPU
		{6E8E28F3-7175-4F56-8AC6-9F511444ECB1}.GenerateDebug|Any CPU.ActiveCfg = Debug|Any CPU
		{6E8E28F3-7175-4F56-8AC6-9F511444ECB1}.GenerateDebug|Any CPU.Build.0 = Debug|Any CPU
		{6E8E28F3-7175-4F56-8AC6-9F511444ECB1}.GenerateDebug|Any CPU.Deploy.0 = Debug|Any CPU
		{6E8E28F3-7175-4F56-8AC6-9F511444ECB1}.GenerateDebug|Mixed Platforms.ActiveCfg = Debug|Any CPU
		{6E8E28F3-7175-4F56-8AC6-9F511444ECB1}.GenerateDebug|Mixed Platforms.Build.0 = Debug|Any CPU
		{6E8E28F3-7175-4F56-8AC6-9F511444ECB1}.GenerateDebug|Mixed Platforms.Deploy.0 = Debug|Any CPU
		{6E8E28F3-7175-4F56-8AC6-9F511444ECB1}.GenerateDebug|x86.ActiveCfg = Debug|Any CPU
		{6E8E28F3-7175-4F56-8AC6-9F511444ECB1}.GenerateDebug|x86.Build.0 = Debug|Any CPU
		{6E8E28F3-7175-4F56-8AC6-9F511444ECB1}.GenerateDebug|x86.Deploy.0 = Debug|Any CPU
		{6E8E28F3-7175-4F56-8AC6-9F511444ECB1}.Release|.NET.ActiveCfg = Release|Any CPU
		{6E8E28F3-7175-4F56-8AC6-9F511444ECB1}.Release|.NET.Build.0 = Release|Any CPU
		{6E8E28F3-7175-4F56-8AC6-9F511444ECB1}.Release|.NET.Deploy.0 = Release|Any CPU
		{6E8E28F3-7175-4F56-8AC6-9F511444ECB1}.Release|Any CPU.ActiveCfg = Release|Any CPU
		{6E8E28F3-7175-4F56-8AC6-9F511444ECB1}.Release|Any CPU.Build.0 = Release|Any CPU
		{6E8E28F3-7175-4F56-8AC6-9F511444ECB1}.Release|Any CPU.Deploy.0 = Release|Any CPU
		{6E8E28F3-7175-4F56-8AC6-9F511444ECB1}.Release|Mixed Platforms.ActiveCfg = Release|Any CPU
		{6E8E28F3-7175-4F56-8AC6-9F511444ECB1}.Release|Mixed Platforms.Build.0 = Release|Any CPU
		{6E8E28F3-7175-4F56-8AC6-9F511444ECB1}.Release|Mixed Platforms.Deploy.0 = Release|Any CPU
		{6E8E28F3-7175-4F56-8AC6-9F511444ECB1}.Release|x86.ActiveCfg = Release|Any CPU
		{6E8E28F3-7175-4F56-8AC6-9F511444ECB1}.Release|x86.Build.0 = Release|Any CPU
		{6E8E28F3-7175-4F56-8AC6-9F511444ECB1}.Release|x86.Deploy.0 = Release|Any CPU
		{6E8E28F3-7175-4F56-8AC6-9F511444ECB1}.TimeLive2Setup|.NET.ActiveCfg = Debug|Any CPU
		{6E8E28F3-7175-4F56-8AC6-9F511444ECB1}.TimeLive2Setup|.NET.Build.0 = Debug|Any CPU
		{6E8E28F3-7175-4F56-8AC6-9F511444ECB1}.TimeLive2Setup|.NET.Deploy.0 = Debug|Any CPU
		{6E8E28F3-7175-4F56-8AC6-9F511444ECB1}.TimeLive2Setup|Any CPU.ActiveCfg = Debug|Any CPU
		{6E8E28F3-7175-4F56-8AC6-9F511444ECB1}.TimeLive2Setup|Any CPU.Build.0 = Debug|Any CPU
		{6E8E28F3-7175-4F56-8AC6-9F511444ECB1}.TimeLive2Setup|Any CPU.Deploy.0 = Debug|Any CPU
		{6E8E28F3-7175-4F56-8AC6-9F511444ECB1}.TimeLive2Setup|Mixed Platforms.ActiveCfg = Debug|Any CPU
		{6E8E28F3-7175-4F56-8AC6-9F511444ECB1}.TimeLive2Setup|Mixed Platforms.Build.0 = Debug|Any CPU
		{6E8E28F3-7175-4F56-8AC6-9F511444ECB1}.TimeLive2Setup|Mixed Platforms.Deploy.0 = Debug|Any CPU
		{6E8E28F3-7175-4F56-8AC6-9F511444ECB1}.TimeLive2Setup|x86.ActiveCfg = Debug|Any CPU
		{6E8E28F3-7175-4F56-8AC6-9F511444ECB1}.TimeLive2Setup|x86.Build.0 = Debug|Any CPU
		{6E8E28F3-7175-4F56-8AC6-9F511444ECB1}.TimeLive2Setup|x86.Deploy.0 = Debug|Any CPU
		{6E8E28F3-7175-4F56-8AC6-9F511444ECB1}.TimeLive2SetupFull|.NET.ActiveCfg = Debug|Any CPU
		{6E8E28F3-7175-4F56-8AC6-9F511444ECB1}.TimeLive2SetupFull|.NET.Build.0 = Debug|Any CPU
		{6E8E28F3-7175-4F56-8AC6-9F511444ECB1}.TimeLive2SetupFull|.NET.Deploy.0 = Debug|Any CPU
		{6E8E28F3-7175-4F56-8AC6-9F511444ECB1}.TimeLive2SetupFull|Any CPU.ActiveCfg = Debug|Any CPU
		{6E8E28F3-7175-4F56-8AC6-9F511444ECB1}.TimeLive2SetupFull|Any CPU.Build.0 = Debug|Any CPU
		{6E8E28F3-7175-4F56-8AC6-9F511444ECB1}.TimeLive2SetupFull|Any CPU.Deploy.0 = Debug|Any CPU
		{6E8E28F3-7175-4F56-8AC6-9F511444ECB1}.TimeLive2SetupFull|Mixed Platforms.ActiveCfg = Debug|Any CPU
		{6E8E28F3-7175-4F56-8AC6-9F511444ECB1}.TimeLive2SetupFull|Mixed Platforms.Build.0 = Debug|Any CPU
		{6E8E28F3-7175-4F56-8AC6-9F511444ECB1}.TimeLive2SetupFull|Mixed Platforms.Deploy.0 = Debug|Any CPU
		{6E8E28F3-7175-4F56-8AC6-9F511444ECB1}.TimeLive2SetupFull|x86.ActiveCfg = Debug|Any CPU
		{6E8E28F3-7175-4F56-8AC6-9F511444ECB1}.TimeLive2SetupFull|x86.Build.0 = Debug|Any CPU
		{6E8E28F3-7175-4F56-8AC6-9F511444ECB1}.TimeLive2SetupFull|x86.Deploy.0 = Debug|Any CPU
		{6E8E28F3-7175-4F56-8AC6-9F511444ECB1}.TimeLive2SetupSQLEXP|.NET.ActiveCfg = Debug|Any CPU
		{6E8E28F3-7175-4F56-8AC6-9F511444ECB1}.TimeLive2SetupSQLEXP|.NET.Build.0 = Debug|Any CPU
		{6E8E28F3-7175-4F56-8AC6-9F511444ECB1}.TimeLive2SetupSQLEXP|.NET.Deploy.0 = Debug|Any CPU
		{6E8E28F3-7175-4F56-8AC6-9F511444ECB1}.TimeLive2SetupSQLEXP|Any CPU.ActiveCfg = Debug|Any CPU
		{6E8E28F3-7175-4F56-8AC6-9F511444ECB1}.TimeLive2SetupSQLEXP|Any CPU.Build.0 = Debug|Any CPU
		{6E8E28F3-7175-4F56-8AC6-9F511444ECB1}.TimeLive2SetupSQLEXP|Any CPU.Deploy.0 = Debug|Any CPU
		{6E8E28F3-7175-4F56-8AC6-9F511444ECB1}.TimeLive2SetupSQLEXP|Mixed Platforms.ActiveCfg = Debug|Any CPU
		{6E8E28F3-7175-4F56-8AC6-9F511444ECB1}.TimeLive2SetupSQLEXP|Mixed Platforms.Build.0 = Debug|Any CPU
		{6E8E28F3-7175-4F56-8AC6-9F511444ECB1}.TimeLive2SetupSQLEXP|Mixed Platforms.Deploy.0 = Debug|Any CPU
		{6E8E28F3-7175-4F56-8AC6-9F511444ECB1}.TimeLive2SetupSQLEXP|x86.ActiveCfg = Debug|Any CPU
		{6E8E28F3-7175-4F56-8AC6-9F511444ECB1}.TimeLive2SetupSQLEXP|x86.Build.0 = Debug|Any CPU
		{6E8E28F3-7175-4F56-8AC6-9F511444ECB1}.TimeLive2SetupSQLEXP|x86.Deploy.0 = Debug|Any CPU
	EndGlobalSection
	GlobalSection(SolutionProperties) = preSolution
		HideSolutionNode = FALSE
	EndGlobalSection
EndGlobal
